
Microsoft Visual Studio Solution File, Format Version 12.00
# Visual Studio Version 17
VisualStudioVersion = 17.9.34622.214
MinimumVisualStudioVersion = 10.0.40219.1
Project("{00D1A9C2-B5F0-4AF3-8072-F6C62B433612}") = "MainDatabase", "MainDatabase\MainDatabase.sqlproj", "{A79FAE94-6DCA-42CF-BD4A-5D5DFA396AC7}"
EndProject
Global
	GlobalSection(SolutionConfigurationPlatforms) = preSolution
		Debug|Any CPU = Debug|Any CPU
		Release|Any CPU = Release|Any CPU
	EndGlobalSection
	GlobalSection(ProjectConfigurationPlatforms) = postSolution
		{A79FAE94-6DCA-42CF-BD4A-5D5DFA396AC7}.Debug|Any CPU.ActiveCfg = Debug|Any CPU
		{A79FAE94-6DCA-42CF-BD4A-5D5DFA396AC7}.Debug|Any CPU.Build.0 = Debug|Any CPU
		{A79FAE94-6DCA-42CF-BD4A-5D5DFA396AC7}.Debug|Any CPU.Deploy.0 = Debug|Any CPU
		{A79FAE94-6DCA-42CF-BD4A-5D5DFA396AC7}.Release|Any CPU.ActiveCfg = Release|Any CPU
		{A79FAE94-6DCA-42CF-BD4A-5D5DFA396AC7}.Release|Any CPU.Build.0 = Release|Any CPU
		{A79FAE94-6DCA-42CF-BD4A-5D5DFA396AC7}.Release|Any CPU.Deploy.0 = Release|Any CPU
	EndGlobalSection
	GlobalSection(SolutionProperties) = preSolution
		HideSolutionNode = FALSE
	EndGlobalSection
	GlobalSection(ExtensibilityGlobals) = postSolution
		SolutionGuid = {2FDB3921-ED9B-453D-BE25-EB5954791876}
	EndGlobalSection
EndGlobal
